
Microsoft Visual Studio Solution File, Format Version 12.00
# Visual Studio 15
VisualStudioVersion = 15.0.26730.16
MinimumVisualStudioVersion = 10.0.40219.1
Project("{2150E333-8FDC-42A3-9474-1A3956D46DE8}") = "Solution Items", "Solution Items", "{92F59C59-CAB2-437A-B077-660A257C88DC}"
	ProjectSection(SolutionItems) = preProject
		README.md = README.md
	EndProjectSection
EndProject
Project("{FAE04EC0-301F-11D3-BF4B-00C04F79EFBC}") = "BDSA2017.Assignment07.Entities", "BDSA2017.Assignment07.Entities\BDSA2017.Assignment07.Entities.csproj", "{D9DCEF7D-C5D1-4494-961D-1232757CE543}"
EndProject
Project("{FAE04EC0-301F-11D3-BF4B-00C04F79EFBC}") = "BDSA2017.Assignment07.Models", "BDSA2017.Assignment07.Models\BDSA2017.Assignment07.Models.csproj", "{D6D7A87D-543A-4613-B94C-707F2AA67D59}"
EndProject
Project("{FAE04EC0-301F-11D3-BF4B-00C04F79EFBC}") = "BDSA2017.Assignment07.Web", "BDSA2017.Assignment07.Web\BDSA2017.Assignment07.Web.csproj", "{D8E75218-2542-4D4F-9958-28D270A4ABC0}"
EndProject
Project("{FAE04EC0-301F-11D3-BF4B-00C04F79EFBC}") = "BDSA2017.Assignment07.Models.Tests", "BDSA2017.Assignment07.Models.Tests\BDSA2017.Assignment07.Models.Tests.csproj", "{FD1B9E17-E857-4981-8BF4-BED738736379}"
EndProject
Project("{FAE04EC0-301F-11D3-BF4B-00C04F79EFBC}") = "BDSA2017.Assignment07.Entities.Tests", "BDSA2017.Assignment07.Entities.Tests\BDSA2017.Assignment07.Entities.Tests.csproj", "{258A2197-BB15-4A83-852D-E3AED3213E57}"
EndProject
Project("{FAE04EC0-301F-11D3-BF4B-00C04F79EFBC}") = "BDSA2017.Assignment07.Web.Tests", "BDSA2017.Assignment07.Web.Tests\BDSA2017.Assignment07.Web.Tests.csproj", "{E9580B92-45F3-416E-A533-A2347C5E1E51}"
EndProject
Global
	GlobalSection(SolutionConfigurationPlatforms) = preSolution
		Debug|Any CPU = Debug|Any CPU
		Release|Any CPU = Release|Any CPU
	EndGlobalSection
	GlobalSection(ProjectConfigurationPlatforms) = postSolution
		{D9DCEF7D-C5D1-4494-961D-1232757CE543}.Debug|Any CPU.ActiveCfg = Debug|Any CPU
		{D9DCEF7D-C5D1-4494-961D-1232757CE543}.Debug|Any CPU.Build.0 = Debug|Any CPU
		{D9DCEF7D-C5D1-4494-961D-1232757CE543}.Release|Any CPU.ActiveCfg = Release|Any CPU
		{D9DCEF7D-C5D1-4494-961D-1232757CE543}.Release|Any CPU.Build.0 = Release|Any CPU
		{D6D7A87D-543A-4613-B94C-707F2AA67D59}.Debug|Any CPU.ActiveCfg = Debug|Any CPU
		{D6D7A87D-543A-4613-B94C-707F2AA67D59}.Debug|Any CPU.Build.0 = Debug|Any CPU
		{D6D7A87D-543A-4613-B94C-707F2AA67D59}.Release|Any CPU.ActiveCfg = Release|Any CPU
		{D6D7A87D-543A-4613-B94C-707F2AA67D59}.Release|Any CPU.Build.0 = Release|Any CPU
		{D8E75218-2542-4D4F-9958-28D270A4ABC0}.Debug|Any CPU.ActiveCfg = Debug|Any CPU
		{D8E75218-2542-4D4F-9958-28D270A4ABC0}.Debug|Any CPU.Build.0 = Debug|Any CPU
		{D8E75218-2542-4D4F-9958-28D270A4ABC0}.Release|Any CPU.ActiveCfg = Release|Any CPU
		{D8E75218-2542-4D4F-9958-28D270A4ABC0}.Release|Any CPU.Build.0 = Release|Any CPU
		{FD1B9E17-E857-4981-8BF4-BED738736379}.Debug|Any CPU.ActiveCfg = Debug|Any CPU
		{FD1B9E17-E857-4981-8BF4-BED738736379}.Debug|Any CPU.Build.0 = Debug|Any CPU
		{FD1B9E17-E857-4981-8BF4-BED738736379}.Release|Any CPU.ActiveCfg = Release|Any CPU
		{FD1B9E17-E857-4981-8BF4-BED738736379}.Release|Any CPU.Build.0 = Release|Any CPU
		{258A2197-BB15-4A83-852D-E3AED3213E57}.Debug|Any CPU.ActiveCfg = Debug|Any CPU
		{258A2197-BB15-4A83-852D-E3AED3213E57}.Debug|Any CPU.Build.0 = Debug|Any CPU
		{258A2197-BB15-4A83-852D-E3AED3213E57}.Release|Any CPU.ActiveCfg = Release|Any CPU
		{258A2197-BB15-4A83-852D-E3AED3213E57}.Release|Any CPU.Build.0 = Release|Any CPU
		{E9580B92-45F3-416E-A533-A2347C5E1E51}.Debug|Any CPU.ActiveCfg = Debug|Any CPU
		{E9580B92-45F3-416E-A533-A2347C5E1E51}.Debug|Any CPU.Build.0 = Debug|Any CPU
		{E9580B92-45F3-416E-A533-A2347C5E1E51}.Release|Any CPU.ActiveCfg = Release|Any CPU
		{E9580B92-45F3-416E-A533-A2347C5E1E51}.Release|Any CPU.Build.0 = Release|Any CPU
	EndGlobalSection
	GlobalSection(SolutionProperties) = preSolution
		HideSolutionNode = FALSE
	EndGlobalSection
	GlobalSection(ExtensibilityGlobals) = postSolution
		SolutionGuid = {1DBF2E5E-3498-42B0-9F5D-59E87190D689}
	EndGlobalSection
EndGlobal
